// !$*UTF8*$!
{
	archiveVersion = 1;
	classes = {
	};
	objectVersion = 51;
	objects = {

/* Begin PBXBuildFile section */
		3044DD8524257E30007D43EB /* PageViewController.swift in Sources */ = {isa = PBXBuildFile; fileRef = 3044DD8424257E30007D43EB /* PageViewController.swift */; };
		3044DD8724259520007D43EB /* WeatherDetail.swift in Sources */ = {isa = PBXBuildFile; fileRef = 3044DD8624259520007D43EB /* WeatherDetail.swift */; };
		305B2D27243271CC0082A159 /* DailyTableViewCell.swift in Sources */ = {isa = PBXBuildFile; fileRef = 305B2D26243271CC0082A159 /* DailyTableViewCell.swift */; };
		305B2D2924327C6F0082A159 /* HourlyCollectionViewCell.swift in Sources */ = {isa = PBXBuildFile; fileRef = 305B2D2824327C6F0082A159 /* HourlyCollectionViewCell.swift */; };
		30D85E12244CFCF2000934E2 /* UIViewController+alert.swift in Sources */ = {isa = PBXBuildFile; fileRef = 30D85E11244CFCF2000934E2 /* UIViewController+alert.swift */; };
		30D957B52416D02200CBE1DE /* AppDelegate.swift in Sources */ = {isa = PBXBuildFile; fileRef = 30D957B42416D02200CBE1DE /* AppDelegate.swift */; };
		30D957B72416D02200CBE1DE /* SceneDelegate.swift in Sources */ = {isa = PBXBuildFile; fileRef = 30D957B62416D02200CBE1DE /* SceneDelegate.swift */; };
		30D957B92416D02200CBE1DE /* LocationListViewController.swift in Sources */ = {isa = PBXBuildFile; fileRef = 30D957B82416D02200CBE1DE /* LocationListViewController.swift */; };
		30D957BC2416D02200CBE1DE /* Main.storyboard in Resources */ = {isa = PBXBuildFile; fileRef = 30D957BA2416D02200CBE1DE /* Main.storyboard */; };
		30D957BE2416D02300CBE1DE /* Assets.xcassets in Resources */ = {isa = PBXBuildFile; fileRef = 30D957BD2416D02300CBE1DE /* Assets.xcassets */; };
		30D957C12416D02300CBE1DE /* LaunchScreen.storyboard in Resources */ = {isa = PBXBuildFile; fileRef = 30D957BF2416D02300CBE1DE /* LaunchScreen.storyboard */; };
		30D957CB2416D26B00CBE1DE /* WeatherLocation.swift in Sources */ = {isa = PBXBuildFile; fileRef = 30D957CA2416D26B00CBE1DE /* WeatherLocation.swift */; };
		30FAB139242013BA000A8738 /* APIKeys.swift in Sources */ = {isa = PBXBuildFile; fileRef = 30FAB138242013BA000A8738 /* APIKeys.swift */; };
		30FAB13B24202CDD000A8738 /* LocationDetailViewController.swift in Sources */ = {isa = PBXBuildFile; fileRef = 30FAB13A24202CDD000A8738 /* LocationDetailViewController.swift */; };
		BF180010D20DB682C4D3BEC6 /* Pods_WeatherGift.framework in Frameworks */ = {isa = PBXBuildFile; fileRef = D1AABA9E14F3437FBAD9BEED /* Pods_WeatherGift.framework */; };
/* End PBXBuildFile section */

/* Begin PBXFileReference section */
		1530B2CC54DB618D9675908E /* Pods-WeatherGift.debug.xcconfig */ = {isa = PBXFileReference; includeInIndex = 1; lastKnownFileType = text.xcconfig; name = "Pods-WeatherGift.debug.xcconfig"; path = "Target Support Files/Pods-WeatherGift/Pods-WeatherGift.debug.xcconfig"; sourceTree = "<group>"; };
		3044DD8424257E30007D43EB /* PageViewController.swift */ = {isa = PBXFileReference; lastKnownFileType = sourcecode.swift; path = PageViewController.swift; sourceTree = "<group>"; };
		3044DD8624259520007D43EB /* WeatherDetail.swift */ = {isa = PBXFileReference; lastKnownFileType = sourcecode.swift; path = WeatherDetail.swift; sourceTree = "<group>"; };
		305B2D26243271CC0082A159 /* DailyTableViewCell.swift */ = {isa = PBXFileReference; lastKnownFileType = sourcecode.swift; path = DailyTableViewCell.swift; sourceTree = "<group>"; };
		305B2D2824327C6F0082A159 /* HourlyCollectionViewCell.swift */ = {isa = PBXFileReference; lastKnownFileType = sourcecode.swift; path = HourlyCollectionViewCell.swift; sourceTree = "<group>"; };
		30D85E11244CFCF2000934E2 /* UIViewController+alert.swift */ = {isa = PBXFileReference; fileEncoding = 4; lastKnownFileType = sourcecode.swift; path = "UIViewController+alert.swift"; sourceTree = "<group>"; };
		30D957B12416D02200CBE1DE /* WeatherGift.app */ = {isa = PBXFileReference; explicitFileType = wrapper.application; includeInIndex = 0; path = WeatherGift.app; sourceTree = BUILT_PRODUCTS_DIR; };
		30D957B42416D02200CBE1DE /* AppDelegate.swift */ = {isa = PBXFileReference; lastKnownFileType = sourcecode.swift; path = AppDelegate.swift; sourceTree = "<group>"; };
		30D957B62416D02200CBE1DE /* SceneDelegate.swift */ = {isa = PBXFileReference; lastKnownFileType = sourcecode.swift; path = SceneDelegate.swift; sourceTree = "<group>"; };
		30D957B82416D02200CBE1DE /* LocationListViewController.swift */ = {isa = PBXFileReference; lastKnownFileType = sourcecode.swift; path = LocationListViewController.swift; sourceTree = "<group>"; };
		30D957BB2416D02200CBE1DE /* Base */ = {isa = PBXFileReference; lastKnownFileType = file.storyboard; name = Base; path = Base.lproj/Main.storyboard; sourceTree = "<group>"; };
		30D957BD2416D02300CBE1DE /* Assets.xcassets */ = {isa = PBXFileReference; lastKnownFileType = folder.assetcatalog; path = Assets.xcassets; sourceTree = "<group>"; };
		30D957C02416D02300CBE1DE /* Base */ = {isa = PBXFileReference; lastKnownFileType = file.storyboard; name = Base; path = Base.lproj/LaunchScreen.storyboard; sourceTree = "<group>"; };
		30D957C22416D02300CBE1DE /* Info.plist */ = {isa = PBXFileReference; lastKnownFileType = text.plist.xml; path = Info.plist; sourceTree = "<group>"; };
		30D957CA2416D26B00CBE1DE /* WeatherLocation.swift */ = {isa = PBXFileReference; lastKnownFileType = sourcecode.swift; path = WeatherLocation.swift; sourceTree = "<group>"; };
		30FAB138242013BA000A8738 /* APIKeys.swift */ = {isa = PBXFileReference; lastKnownFileType = sourcecode.swift; path = APIKeys.swift; sourceTree = "<group>"; };
		30FAB13A24202CDD000A8738 /* LocationDetailViewController.swift */ = {isa = PBXFileReference; lastKnownFileType = sourcecode.swift; path = LocationDetailViewController.swift; sourceTree = "<group>"; };
		A8BC1B62F6D3CD4C8461E54C /* Pods-WeatherGift.release.xcconfig */ = {isa = PBXFileReference; includeInIndex = 1; lastKnownFileType = text.xcconfig; name = "Pods-WeatherGift.release.xcconfig"; path = "Target Support Files/Pods-WeatherGift/Pods-WeatherGift.release.xcconfig"; sourceTree = "<group>"; };
		D1AABA9E14F3437FBAD9BEED /* Pods_WeatherGift.framework */ = {isa = PBXFileReference; explicitFileType = wrapper.framework; includeInIndex = 0; path = Pods_WeatherGift.framework; sourceTree = BUILT_PRODUCTS_DIR; };
/* End PBXFileReference section */

/* Begin PBXFrameworksBuildPhase section */
		30D957AE2416D02200CBE1DE /* Frameworks */ = {
			isa = PBXFrameworksBuildPhase;
			buildActionMask = 2147483647;
			files = (
				BF180010D20DB682C4D3BEC6 /* Pods_WeatherGift.framework in Frameworks */,
			);
			runOnlyForDeploymentPostprocessing = 0;
		};
/* End PBXFrameworksBuildPhase section */

/* Begin PBXGroup section */
		30D957A82416D02200CBE1DE = {
			isa = PBXGroup;
			children = (
				30D957B32416D02200CBE1DE /* WeatherGift */,
				30D957B22416D02200CBE1DE /* Products */,
				DF0D7767B631505EB6E6694D /* Pods */,
				DBDC08AC70AB9D0F0037BF9B /* Frameworks */,
			);
			sourceTree = "<group>";
		};
		30D957B22416D02200CBE1DE /* Products */ = {
			isa = PBXGroup;
			children = (
				30D957B12416D02200CBE1DE /* WeatherGift.app */,
			);
			name = Products;
			sourceTree = "<group>";
		};
		30D957B32416D02200CBE1DE /* WeatherGift */ = {
			isa = PBXGroup;
			children = (
				30D957B42416D02200CBE1DE /* AppDelegate.swift */,
				30D957B62416D02200CBE1DE /* SceneDelegate.swift */,
				30FAB13A24202CDD000A8738 /* LocationDetailViewController.swift */,
				30D957B82416D02200CBE1DE /* LocationListViewController.swift */,
				305B2D26243271CC0082A159 /* DailyTableViewCell.swift */,
				305B2D2824327C6F0082A159 /* HourlyCollectionViewCell.swift */,
				30D957CA2416D26B00CBE1DE /* WeatherLocation.swift */,
				3044DD8624259520007D43EB /* WeatherDetail.swift */,
				3044DD8424257E30007D43EB /* PageViewController.swift */,
				30D85E11244CFCF2000934E2 /* UIViewController+alert.swift */,
				30D957BA2416D02200CBE1DE /* Main.storyboard */,
				30D957BD2416D02300CBE1DE /* Assets.xcassets */,
				30D957BF2416D02300CBE1DE /* LaunchScreen.storyboard */,
				30D957C22416D02300CBE1DE /* Info.plist */,
				30FAB138242013BA000A8738 /* APIKeys.swift */,
			);
			path = WeatherGift;
			sourceTree = "<group>";
		};
		DBDC08AC70AB9D0F0037BF9B /* Frameworks */ = {
			isa = PBXGroup;
			children = (
				D1AABA9E14F3437FBAD9BEED /* Pods_WeatherGift.framework */,
			);
			name = Frameworks;
			sourceTree = "<group>";
		};
		DF0D7767B631505EB6E6694D /* Pods */ = {
			isa = PBXGroup;
			children = (
				1530B2CC54DB618D9675908E /* Pods-WeatherGift.debug.xcconfig */,
				A8BC1B62F6D3CD4C8461E54C /* Pods-WeatherGift.release.xcconfig */,
			);
			path = Pods;
			sourceTree = "<group>";
		};
/* End PBXGroup section */

/* Begin PBXNativeTarget section */
		30D957B02416D02200CBE1DE /* WeatherGift */ = {
			isa = PBXNativeTarget;
			buildConfigurationList = 30D957C52416D02300CBE1DE /* Build configuration list for PBXNativeTarget "WeatherGift" */;
			buildPhases = (
				A6FAE02B2868E71D02896859 /* [CP] Check Pods Manifest.lock */,
				30D957AD2416D02200CBE1DE /* Sources */,
				30D957AE2416D02200CBE1DE /* Frameworks */,
				30D957AF2416D02200CBE1DE /* Resources */,
				B79DC144526BA1D0D61F6184 /* [CP] Copy Pods Resources */,
			);
			buildRules = (
			);
			dependencies = (
			);
			name = WeatherGift;
			productName = WeatherGift;
			productReference = 30D957B12416D02200CBE1DE /* WeatherGift.app */;
			productType = "com.apple.product-type.application";
		};
/* End PBXNativeTarget section */

/* Begin PBXProject section */
		30D957A92416D02200CBE1DE /* Project object */ = {
			isa = PBXProject;
			attributes = {
				LastSwiftUpdateCheck = 1130;
				LastUpgradeCheck = 1130;
				ORGANIZATIONNAME = "RJ Smithers";
				TargetAttributes = {
					30D957B02416D02200CBE1DE = {
						CreatedOnToolsVersion = 11.3.1;
					};
				};
			};
			buildConfigurationList = 30D957AC2416D02200CBE1DE /* Build configuration list for PBXProject "WeatherGift" */;
			compatibilityVersion = "Xcode 9.3";
			developmentRegion = en;
			hasScannedForEncodings = 0;
			knownRegions = (
				en,
				Base,
			);
			mainGroup = 30D957A82416D02200CBE1DE;
			productRefGroup = 30D957B22416D02200CBE1DE /* Products */;
			projectDirPath = "";
			projectRoot = "";
			targets = (
				30D957B02416D02200CBE1DE /* WeatherGift */,
			);
		};
/* End PBXProject section */

/* Begin PBXResourcesBuildPhase section */
		30D957AF2416D02200CBE1DE /* Resources */ = {
			isa = PBXResourcesBuildPhase;
			buildActionMask = 2147483647;
			files = (
				30D957C12416D02300CBE1DE /* LaunchScreen.storyboard in Resources */,
				30D957BE2416D02300CBE1DE /* Assets.xcassets in Resources */,
				30D957BC2416D02200CBE1DE /* Main.storyboard in Resources */,
			);
			runOnlyForDeploymentPostprocessing = 0;
		};
/* End PBXResourcesBuildPhase section */

/* Begin PBXShellScriptBuildPhase section */
		A6FAE02B2868E71D02896859 /* [CP] Check Pods Manifest.lock */ = {
			isa = PBXShellScriptBuildPhase;
			buildActionMask = 2147483647;
			files = (
			);
			inputFileListPaths = (
			);
			inputPaths = (
				"${PODS_PODFILE_DIR_PATH}/Podfile.lock",
				"${PODS_ROOT}/Manifest.lock",
			);
			name = "[CP] Check Pods Manifest.lock";
			outputFileListPaths = (
			);
			outputPaths = (
				"$(DERIVED_FILE_DIR)/Pods-WeatherGift-checkManifestLockResult.txt",
			);
			runOnlyForDeploymentPostprocessing = 0;
			shellPath = /bin/sh;
			shellScript = "diff \"${PODS_PODFILE_DIR_PATH}/Podfile.lock\" \"${PODS_ROOT}/Manifest.lock\" > /dev/null\nif [ $? != 0 ] ; then\n    # print error to STDERR\n    echo \"error: The sandbox is not in sync with the Podfile.lock. Run 'pod install' or update your CocoaPods installation.\" >&2\n    exit 1\nfi\n# This output is used by Xcode 'outputs' to avoid re-running this script phase.\necho \"SUCCESS\" > \"${SCRIPT_OUTPUT_FILE_0}\"\n";
			showEnvVarsInLog = 0;
		};
		B79DC144526BA1D0D61F6184 /* [CP] Copy Pods Resources */ = {
			isa = PBXShellScriptBuildPhase;
			buildActionMask = 2147483647;
			files = (
			);
			inputFileListPaths = (
				"${PODS_ROOT}/Target Support Files/Pods-WeatherGift/Pods-WeatherGift-resources-${CONFIGURATION}-input-files.xcfilelist",
			);
			name = "[CP] Copy Pods Resources";
			outputFileListPaths = (
				"${PODS_ROOT}/Target Support Files/Pods-WeatherGift/Pods-WeatherGift-resources-${CONFIGURATION}-output-files.xcfilelist",
			);
			runOnlyForDeploymentPostprocessing = 0;
			shellPath = /bin/sh;
			shellScript = "\"${PODS_ROOT}/Target Support Files/Pods-WeatherGift/Pods-WeatherGift-resources.sh\"\n";
			showEnvVarsInLog = 0;
		};
/* End PBXShellScriptBuildPhase section */

/* Begin PBXSourcesBuildPhase section */
		30D957AD2416D02200CBE1DE /* Sources */ = {
			isa = PBXSourcesBuildPhase;
			buildActionMask = 2147483647;
			files = (
				305B2D27243271CC0082A159 /* DailyTableViewCell.swift in Sources */,
				30D957B92416D02200CBE1DE /* LocationListViewController.swift in Sources */,
				3044DD8724259520007D43EB /* WeatherDetail.swift in Sources */,
				3044DD8524257E30007D43EB /* PageViewController.swift in Sources */,
				30FAB139242013BA000A8738 /* APIKeys.swift in Sources */,
				30D957CB2416D26B00CBE1DE /* WeatherLocation.swift in Sources */,
				30D957B52416D02200CBE1DE /* AppDelegate.swift in Sources */,
				30D85E12244CFCF2000934E2 /* UIViewController+alert.swift in Sources */,
				30FAB13B24202CDD000A8738 /* LocationDetailViewController.swift in Sources */,
				30D957B72416D02200CBE1DE /* SceneDelegate.swift in Sources */,
				305B2D2924327C6F0082A159 /* HourlyCollectionViewCell.swift in Sources */,
			);
			runOnlyForDeploymentPostprocessing = 0;
		};
/* End PBXSourcesBuildPhase section */

/* Begin PBXVariantGroup section */
		30D957BA2416D02200CBE1DE /* Main.storyboard */ = {
			isa = PBXVariantGroup;
			children = (
				30D957BB2416D02200CBE1DE /* Base */,
			);
			name = Main.storyboard;
			sourceTree = "<group>";
		};
		30D957BF2416D02300CBE1DE /* LaunchScreen.storyboard */ = {
			isa = PBXVariantGroup;
			children = (
				30D957C02416D02300CBE1DE /* Base */,
			);
			name = LaunchScreen.storyboard;
			sourceTree = "<group>";
		};
/* End PBXVariantGroup section */

/* Begin XCBuildConfiguration section */
		30D957C32416D02300CBE1DE /* Debug */ = {
			isa = XCBuildConfiguration;
			buildSettings = {
				ALWAYS_SEARCH_USER_PATHS = NO;
				CLANG_ANALYZER_NONNULL = YES;
				CLANG_ANALYZER_NUMBER_OBJECT_CONVERSION = YES_AGGRESSIVE;
				CLANG_CXX_LANGUAGE_STANDARD = "gnu++14";
				CLANG_CXX_LIBRARY = "libc++";
				CLANG_ENABLE_MODULES = YES;
				CLANG_ENABLE_OBJC_ARC = YES;
				CLANG_ENABLE_OBJC_WEAK = YES;
				CLANG_WARN_BLOCK_CAPTURE_AUTORELEASING = YES;
				CLANG_WARN_BOOL_CONVERSION = YES;
				CLANG_WARN_COMMA = YES;
				CLANG_WARN_CONSTANT_CONVERSION = YES;
				CLANG_WARN_DEPRECATED_OBJC_IMPLEMENTATIONS = YES;
				CLANG_WARN_DIRECT_OBJC_ISA_USAGE = YES_ERROR;
				CLANG_WARN_DOCUMENTATION_COMMENTS = YES;
				CLANG_WARN_EMPTY_BODY = YES;
				CLANG_WARN_ENUM_CONVERSION = YES;
				CLANG_WARN_INFINITE_RECURSION = YES;
				CLANG_WARN_INT_CONVERSION = YES;
				CLANG_WARN_NON_LITERAL_NULL_CONVERSION = YES;
				CLANG_WARN_OBJC_IMPLICIT_RETAIN_SELF = YES;
				CLANG_WARN_OBJC_LITERAL_CONVERSION = YES;
				CLANG_WARN_OBJC_ROOT_CLASS = YES_ERROR;
				CLANG_WARN_RANGE_LOOP_ANALYSIS = YES;
				CLANG_WARN_STRICT_PROTOTYPES = YES;
				CLANG_WARN_SUSPICIOUS_MOVE = YES;
				CLANG_WARN_UNGUARDED_AVAILABILITY = YES_AGGRESSIVE;
				CLANG_WARN_UNREACHABLE_CODE = YES;
				CLANG_WARN__DUPLICATE_METHOD_MATCH = YES;
				COPY_PHASE_STRIP = NO;
				DEBUG_INFORMATION_FORMAT = dwarf;
				ENABLE_STRICT_OBJC_MSGSEND = YES;
				ENABLE_TESTABILITY = YES;
				GCC_C_LANGUAGE_STANDARD = gnu11;
				GCC_DYNAMIC_NO_PIC = NO;
				GCC_NO_COMMON_BLOCKS = YES;
				GCC_OPTIMIZATION_LEVEL = 0;
				GCC_PREPROCESSOR_DEFINITIONS = (
					"DEBUG=1",
					"$(inherited)",
				);
				GCC_WARN_64_TO_32_BIT_CONVERSION = YES;
				GCC_WARN_ABOUT_RETURN_TYPE = YES_ERROR;
				GCC_WARN_UNDECLARED_SELECTOR = YES;
				GCC_WARN_UNINITIALIZED_AUTOS = YES_AGGRESSIVE;
				GCC_WARN_UNUSED_FUNCTION = YES;
				GCC_WARN_UNUSED_VARIABLE = YES;
				IPHONEOS_DEPLOYMENT_TARGET = 13.2;
				MTL_ENABLE_DEBUG_INFO = INCLUDE_SOURCE;
				MTL_FAST_MATH = YES;
				ONLY_ACTIVE_ARCH = YES;
				SDKROOT = iphoneos;
				SWIFT_ACTIVE_COMPILATION_CONDITIONS = DEBUG;
				SWIFT_OPTIMIZATION_LEVEL = "-Onone";
			};
			name = Debug;
		};
		30D957C42416D02300CBE1DE /* Release */ = {
			isa = XCBuildConfiguration;
			buildSettings = {
				ALWAYS_SEARCH_USER_PATHS = NO;
				CLANG_ANALYZER_NONNULL = YES;
				CLANG_ANALYZER_NUMBER_OBJECT_CONVERSION = YES_AGGRESSIVE;
				CLANG_CXX_LANGUAGE_STANDARD = "gnu++14";
				CLANG_CXX_LIBRARY = "libc++";
				CLANG_ENABLE_MODULES = YES;
				CLANG_ENABLE_OBJC_ARC = YES;
				CLANG_ENABLE_OBJC_WEAK = YES;
				CLANG_WARN_BLOCK_CAPTURE_AUTORELEASING = YES;
				CLANG_WARN_BOOL_CONVERSION = YES;
				CLANG_WARN_COMMA = YES;
				CLANG_WARN_CONSTANT_CONVERSION = YES;
				CLANG_WARN_DEPRECATED_OBJC_IMPLEMENTATIONS = YES;
				CLANG_WARN_DIRECT_OBJC_ISA_USAGE = YES_ERROR;
				CLANG_WARN_DOCUMENTATION_COMMENTS = YES;
				CLANG_WARN_EMPTY_BODY = YES;
				CLANG_WARN_ENUM_CONVERSION = YES;
				CLANG_WARN_INFINITE_RECURSION = YES;
				CLANG_WARN_INT_CONVERSION = YES;
				CLANG_WARN_NON_LITERAL_NULL_CONVERSION = YES;
				CLANG_WARN_OBJC_IMPLICIT_RETAIN_SELF = YES;
				CLANG_WARN_OBJC_LITERAL_CONVERSION = YES;
				CLANG_WARN_OBJC_ROOT_CLASS = YES_ERROR;
				CLANG_WARN_RANGE_LOOP_ANALYSIS = YES;
				CLANG_WARN_STRICT_PROTOTYPES = YES;
				CLANG_WARN_SUSPICIOUS_MOVE = YES;
				CLANG_WARN_UNGUARDED_AVAILABILITY = YES_AGGRESSIVE;
				CLANG_WARN_UNREACHABLE_CODE = YES;
				CLANG_WARN__DUPLICATE_METHOD_MATCH = YES;
				COPY_PHASE_STRIP = NO;
				DEBUG_INFORMATION_FORMAT = "dwarf-with-dsym";
				ENABLE_NS_ASSERTIONS = NO;
				ENABLE_STRICT_OBJC_MSGSEND = YES;
				GCC_C_LANGUAGE_STANDARD = gnu11;
				GCC_NO_COMMON_BLOCKS = YES;
				GCC_WARN_64_TO_32_BIT_CONVERSION = YES;
				GCC_WARN_ABOUT_RETURN_TYPE = YES_ERROR;
				GCC_WARN_UNDECLARED_SELECTOR = YES;
				GCC_WARN_UNINITIALIZED_AUTOS = YES_AGGRESSIVE;
				GCC_WARN_UNUSED_FUNCTION = YES;
				GCC_WARN_UNUSED_VARIABLE = YES;
				IPHONEOS_DEPLOYMENT_TARGET = 13.2;
				MTL_ENABLE_DEBUG_INFO = NO;
				MTL_FAST_MATH = YES;
				SDKROOT = iphoneos;
				SWIFT_COMPILATION_MODE = wholemodule;
				SWIFT_OPTIMIZATION_LEVEL = "-O";
				VALIDATE_PRODUCT = YES;
			};
			name = Release;
		};
		30D957C62416D02300CBE1DE /* Debug */ = {
			isa = XCBuildConfiguration;
			baseConfigurationReference = 1530B2CC54DB618D9675908E /* Pods-WeatherGift.debug.xcconfig */;
			buildSettings = {
				ASSETCATALOG_COMPILER_APPICON_NAME = AppIcon;
				CODE_SIGN_STYLE = Automatic;
				DEVELOPMENT_TEAM = W5F2448EUE;
				INFOPLIST_FILE = WeatherGift/Info.plist;
				LD_RUNPATH_SEARCH_PATHS = (
					"$(inherited)",
					"@executable_path/Frameworks",
				);
				PRODUCT_BUNDLE_IDENTIFIER = com.smithers.WeatherGift;
				PRODUCT_NAME = "$(TARGET_NAME)";
				SWIFT_VERSION = 5.0;
				TARGETED_DEVICE_FAMILY = "1,2";
			};
			name = Debug;
		};
		30D957C72416D02300CBE1DE /* Release */ = {
			isa = XCBuildConfiguration;
			baseConfigurationReference = A8BC1B62F6D3CD4C8461E54C /* Pods-WeatherGift.release.xcconfig */;
			buildSettings = {
				ASSETCATALOG_COMPILER_APPICON_NAME = AppIcon;
				CODE_SIGN_STYLE = Automatic;
				DEVELOPMENT_TEAM = W5F2448EUE;
				INFOPLIST_FILE = WeatherGift/Info.plist;
				LD_RUNPATH_SEARCH_PATHS = (
					"$(inherited)",
					"@executable_path/Frameworks",
				);
				PRODUCT_BUNDLE_IDENTIFIER = com.smithers.WeatherGift;
				PRODUCT_NAME = "$(TARGET_NAME)";
				SWIFT_VERSION = 5.0;
				TARGETED_DEVICE_FAMILY = "1,2";
			};
			name = Release;
		};
/* End XCBuildConfiguration section */

/* Begin XCConfigurationList section */
		30D957AC2416D02200CBE1DE /* Build configuration list for PBXProject "WeatherGift" */ = {
			isa = XCConfigurationList;
			buildConfigurations = (
				30D957C32416D02300CBE1DE /* Debug */,
				30D957C42416D02300CBE1DE /* Release */,
			);
			defaultConfigurationIsVisible = 0;
			defaultConfigurationName = Release;
		};
		30D957C52416D02300CBE1DE /* Build configuration list for PBXNativeTarget "WeatherGift" */ = {
			isa = XCConfigurationList;
			buildConfigurations = (
				30D957C62416D02300CBE1DE /* Debug */,
				30D957C72416D02300CBE1DE /* Release */,
			);
			defaultConfigurationIsVisible = 0;
			defaultConfigurationName = Release;
		};
/* End XCConfigurationList section */
	};
	rootObject = 30D957A92416D02200CBE1DE /* Project object */;
}
